
Microsoft Visual Studio Solution File, Format Version 12.00
# Visual Studio 15
VisualStudioVersion = 15.0.26403.0
MinimumVisualStudioVersion = 10.0.40219.1
Project("{FAE04EC0-301F-11D3-BF4B-00C04F79EFBC}") = "IvyLock", "IvyLock.UI\IvyLock.csproj", "{18BC0D80-62B6-41DA-A626-590878A66986}"
EndProject
Project("{54435603-DBB4-11D2-8724-00A0C9A8B90C}") = "IvyLock.Installer", "IvyLock.Installer\IvyLock.Installer.vdproj", "{AA2F3222-0C73-43F5-A68D-D98A740CA3EB}"
EndProject
Project("{8BC9CEB8-8B4A-11D0-8D11-00A0C91BC942}") = "IvyLock.Native", "IvyLock.Native\IvyLock.Native.vcxproj", "{80CE7043-EE0D-4970-BDF7-C3DC030CCEB8}"
EndProject
Global
	GlobalSection(SolutionConfigurationPlatforms) = preSolution
		Debug|Any CPU = Debug|Any CPU
		Debug|x64 = Debug|x64
		Debug|x86 = Debug|x86
		Release|Any CPU = Release|Any CPU
		Release|x64 = Release|x64
		Release|x86 = Release|x86
	EndGlobalSection
	GlobalSection(ProjectConfigurationPlatforms) = postSolution
		{18BC0D80-62B6-41DA-A626-590878A66986}.Debug|Any CPU.ActiveCfg = Debug|Any CPU
		{18BC0D80-62B6-41DA-A626-590878A66986}.Debug|Any CPU.Build.0 = Debug|Any CPU
		{18BC0D80-62B6-41DA-A626-590878A66986}.Debug|x64.ActiveCfg = Debug|Any CPU
		{18BC0D80-62B6-41DA-A626-590878A66986}.Debug|x64.Build.0 = Debug|Any CPU
		{18BC0D80-62B6-41DA-A626-590878A66986}.Debug|x86.ActiveCfg = Debug|Any CPU
		{18BC0D80-62B6-41DA-A626-590878A66986}.Debug|x86.Build.0 = Debug|Any CPU
		{18BC0D80-62B6-41DA-A626-590878A66986}.Release|Any CPU.ActiveCfg = Release|Any CPU
		{18BC0D80-62B6-41DA-A626-590878A66986}.Release|Any CPU.Build.0 = Release|Any CPU
		{18BC0D80-62B6-41DA-A626-590878A66986}.Release|x64.ActiveCfg = Release|Any CPU
		{18BC0D80-62B6-41DA-A626-590878A66986}.Release|x64.Build.0 = Release|Any CPU
		{18BC0D80-62B6-41DA-A626-590878A66986}.Release|x86.ActiveCfg = Release|Any CPU
		{18BC0D80-62B6-41DA-A626-590878A66986}.Release|x86.Build.0 = Release|Any CPU
		{AA2F3222-0C73-43F5-A68D-D98A740CA3EB}.Debug|Any CPU.ActiveCfg = Debug
		{AA2F3222-0C73-43F5-A68D-D98A740CA3EB}.Debug|Any CPU.Build.0 = Debug
		{AA2F3222-0C73-43F5-A68D-D98A740CA3EB}.Debug|x64.ActiveCfg = Debug
		{AA2F3222-0C73-43F5-A68D-D98A740CA3EB}.Debug|x86.ActiveCfg = Debug
		{AA2F3222-0C73-43F5-A68D-D98A740CA3EB}.Release|Any CPU.ActiveCfg = Release
		{AA2F3222-0C73-43F5-A68D-D98A740CA3EB}.Release|Any CPU.Build.0 = Release
		{AA2F3222-0C73-43F5-A68D-D98A740CA3EB}.Release|x64.ActiveCfg = Release
		{AA2F3222-0C73-43F5-A68D-D98A740CA3EB}.Release|x86.ActiveCfg = Release
		{80CE7043-EE0D-4970-BDF7-C3DC030CCEB8}.Debug|Any CPU.ActiveCfg = Debug|Win32
		{80CE7043-EE0D-4970-BDF7-C3DC030CCEB8}.Debug|Any CPU.Build.0 = Debug|Win32
		{80CE7043-EE0D-4970-BDF7-C3DC030CCEB8}.Debug|x64.ActiveCfg = Debug|x64
		{80CE7043-EE0D-4970-BDF7-C3DC030CCEB8}.Debug|x64.Build.0 = Debug|x64
		{80CE7043-EE0D-4970-BDF7-C3DC030CCEB8}.Debug|x86.ActiveCfg = Debug|Win32
		{80CE7043-EE0D-4970-BDF7-C3DC030CCEB8}.Debug|x86.Build.0 = Debug|Win32
		{80CE7043-EE0D-4970-BDF7-C3DC030CCEB8}.Release|Any CPU.ActiveCfg = Release|Win32
		{80CE7043-EE0D-4970-BDF7-C3DC030CCEB8}.Release|Any CPU.Build.0 = Release|Win32
		{80CE7043-EE0D-4970-BDF7-C3DC030CCEB8}.Release|x64.ActiveCfg = Release|x64
		{80CE7043-EE0D-4970-BDF7-C3DC030CCEB8}.Release|x64.Build.0 = Release|x64
		{80CE7043-EE0D-4970-BDF7-C3DC030CCEB8}.Release|x86.ActiveCfg = Release|Win32
		{80CE7043-EE0D-4970-BDF7-C3DC030CCEB8}.Release|x86.Build.0 = Release|Win32
	EndGlobalSection
	GlobalSection(SolutionProperties) = preSolution
		HideSolutionNode = FALSE
	EndGlobalSection
EndGlobal
